
Microsoft Visual Studio Solution File, Format Version 12.00
# Visual Studio Version 17
VisualStudioVersion = 17.5.33530.505
MinimumVisualStudioVersion = 10.0.40219.1
Project("{FAE04EC0-301F-11D3-BF4B-00C04F79EFBC}") = "Entity_Db_First_Approach", "Entity_Db_First_Approach.csproj", "{49547015-3761-46B9-A46C-D2602CD163CD}"
EndProject
Global
	GlobalSection(SolutionConfigurationPlatforms) = preSolution
		Debug|Any CPU = Debug|Any CPU
		Release|Any CPU = Release|Any CPU
	EndGlobalSection
	GlobalSection(ProjectConfigurationPlatforms) = postSolution
		{49547015-3761-46B9-A46C-D2602CD163CD}.Debug|Any CPU.ActiveCfg = Debug|Any CPU
		{49547015-3761-46B9-A46C-D2602CD163CD}.Debug|Any CPU.Build.0 = Debug|Any CPU
		{49547015-3761-46B9-A46C-D2602CD163CD}.Release|Any CPU.ActiveCfg = Release|Any CPU
		{49547015-3761-46B9-A46C-D2602CD163CD}.Release|Any CPU.Build.0 = Release|Any CPU
	EndGlobalSection
	GlobalSection(SolutionProperties) = preSolution
		HideSolutionNode = FALSE
	EndGlobalSection
	GlobalSection(ExtensibilityGlobals) = postSolution
		SolutionGuid = {A91E90AA-00F0-4AF8-83E2-25B824DD423F}
	EndGlobalSection
EndGlobal
